
Microsoft Visual Studio Solution File, Format Version 12.00
# Visual Studio 2013
VisualStudioVersion = 12.0.31101.0
MinimumVisualStudioVersion = 10.0.40219.1
Project("{FAE04EC0-301F-11D3-BF4B-00C04F79EFBC}") = "HomeManager", "HomeManager\HomeManager.csproj", "{CE28C350-E183-4604-BCAF-51C170100ADE}"
EndProject
Project("{FAE04EC0-301F-11D3-BF4B-00C04F79EFBC}") = "HomeManager.Entities", "HomeManager.Entities\HomeManager.Entities.csproj", "{B6663E98-34DE-4001-84E9-787D1CC26114}"
EndProject
Project("{FAE04EC0-301F-11D3-BF4B-00C04F79EFBC}") = "HomeManager.DataAccess", "HomeManager.DataAccess\HomeManager.DataAccess.csproj", "{C72C781B-AAC5-4CB1-B87D-02AD4785BF41}"
EndProject
Project("{FAE04EC0-301F-11D3-BF4B-00C04F79EFBC}") = "HomeManager.Statistics", "HomeManager.Statistics\HomeManager.Statistics.csproj", "{67E51245-7010-48BB-8C52-B10936928650}"
EndProject
Project("{2150E333-8FDC-42A3-9474-1A3956D46DE8}") = "Tests", "Tests", "{A4EADFD7-0B2F-40E7-BC28-D05404AC5FB9}"
EndProject
Project("{FAE04EC0-301F-11D3-BF4B-00C04F79EFBC}") = "HomeManager.Rates", "HomeManager.Rates\HomeManager.Rates.csproj", "{69CF2924-0A87-42BF-9B3A-646B48A9A6AD}"
EndProject
Project("{FAE04EC0-301F-11D3-BF4B-00C04F79EFBC}") = "HomeManager.PhoneMemoryAccess", "HomeManager.PhoneMemoryAccess\HomeManager.PhoneMemoryAccess.csproj", "{03998BBB-2AEC-44BA-AF92-19F1AE66BEEA}"
EndProject
Project("{FAE04EC0-301F-11D3-BF4B-00C04F79EFBC}") = "Homemanager.SkyDrive", "Homemanager.SkyDrive\Homemanager.SkyDrive.csproj", "{12970BC0-3DE0-42AE-9852-5B696A0C28A2}"
EndProject
Project("{FAE04EC0-301F-11D3-BF4B-00C04F79EFBC}") = "HomeManager.Cash", "HomeManager.Cash\HomeManager.Cash.csproj", "{25312A04-28B4-4B24-B475-3CADA57F9F2B}"
EndProject
Project("{FAE04EC0-301F-11D3-BF4B-00C04F79EFBC}") = "HomeManager.DataExport", "HomeManager.DataExport\HomeManager.DataExport.csproj", "{B97AD65F-6590-4A1D-AA74-EA52F13F5F29}"
EndProject
Project("{FAE04EC0-301F-11D3-BF4B-00C04F79EFBC}") = "HomeManager.Core", "HomeManager.Core\HomeManager.Core.csproj", "{3443447A-ECB5-4D09-BD72-F38D06320AE8}"
EndProject
Project("{FAE04EC0-301F-11D3-BF4B-00C04F79EFBC}") = "HomeManager.Tools", "HomeManager.Tools\HomeManager.Tools.csproj", "{7AFC86AD-4151-45E0-97BC-8A3370D4E1BB}"
EndProject
Project("{FAE04EC0-301F-11D3-BF4B-00C04F79EFBC}") = "HomeManager.Tools.Tests", "HomeManager.Tools.Tests\HomeManager.Tools.Tests.csproj", "{1DC1D980-0079-4A1C-817B-77D9FD84ECA3}"
EndProject
Global
	GlobalSection(SolutionConfigurationPlatforms) = preSolution
		Debug|Any CPU = Debug|Any CPU
		Debug|ARM = Debug|ARM
		Debug|x86 = Debug|x86
		Release|Any CPU = Release|Any CPU
		Release|ARM = Release|ARM
		Release|x86 = Release|x86
	EndGlobalSection
	GlobalSection(ProjectConfigurationPlatforms) = postSolution
		{CE28C350-E183-4604-BCAF-51C170100ADE}.Debug|Any CPU.ActiveCfg = Debug|Any CPU
		{CE28C350-E183-4604-BCAF-51C170100ADE}.Debug|Any CPU.Build.0 = Debug|Any CPU
		{CE28C350-E183-4604-BCAF-51C170100ADE}.Debug|Any CPU.Deploy.0 = Debug|Any CPU
		{CE28C350-E183-4604-BCAF-51C170100ADE}.Debug|ARM.ActiveCfg = Debug|ARM
		{CE28C350-E183-4604-BCAF-51C170100ADE}.Debug|ARM.Build.0 = Debug|ARM
		{CE28C350-E183-4604-BCAF-51C170100ADE}.Debug|ARM.Deploy.0 = Debug|ARM
		{CE28C350-E183-4604-BCAF-51C170100ADE}.Debug|x86.ActiveCfg = Debug|x86
		{CE28C350-E183-4604-BCAF-51C170100ADE}.Debug|x86.Build.0 = Debug|x86
		{CE28C350-E183-4604-BCAF-51C170100ADE}.Debug|x86.Deploy.0 = Debug|x86
		{CE28C350-E183-4604-BCAF-51C170100ADE}.Release|Any CPU.ActiveCfg = Release|Any CPU
		{CE28C350-E183-4604-BCAF-51C170100ADE}.Release|Any CPU.Build.0 = Release|Any CPU
		{CE28C350-E183-4604-BCAF-51C170100ADE}.Release|Any CPU.Deploy.0 = Release|Any CPU
		{CE28C350-E183-4604-BCAF-51C170100ADE}.Release|ARM.ActiveCfg = Release|ARM
		{CE28C350-E183-4604-BCAF-51C170100ADE}.Release|ARM.Build.0 = Release|ARM
		{CE28C350-E183-4604-BCAF-51C170100ADE}.Release|ARM.Deploy.0 = Release|ARM
		{CE28C350-E183-4604-BCAF-51C170100ADE}.Release|x86.ActiveCfg = Release|x86
		{CE28C350-E183-4604-BCAF-51C170100ADE}.Release|x86.Build.0 = Release|x86
		{CE28C350-E183-4604-BCAF-51C170100ADE}.Release|x86.Deploy.0 = Release|x86
		{B6663E98-34DE-4001-84E9-787D1CC26114}.Debug|Any CPU.ActiveCfg = Debug|Any CPU
		{B6663E98-34DE-4001-84E9-787D1CC26114}.Debug|Any CPU.Build.0 = Debug|Any CPU
		{B6663E98-34DE-4001-84E9-787D1CC26114}.Debug|ARM.ActiveCfg = Debug|ARM
		{B6663E98-34DE-4001-84E9-787D1CC26114}.Debug|ARM.Build.0 = Debug|ARM
		{B6663E98-34DE-4001-84E9-787D1CC26114}.Debug|x86.ActiveCfg = Debug|x86
		{B6663E98-34DE-4001-84E9-787D1CC26114}.Debug|x86.Build.0 = Debug|x86
		{B6663E98-34DE-4001-84E9-787D1CC26114}.Release|Any CPU.ActiveCfg = Release|Any CPU
		{B6663E98-34DE-4001-84E9-787D1CC26114}.Release|Any CPU.Build.0 = Release|Any CPU
		{B6663E98-34DE-4001-84E9-787D1CC26114}.Release|ARM.ActiveCfg = Release|ARM
		{B6663E98-34DE-4001-84E9-787D1CC26114}.Release|ARM.Build.0 = Release|ARM
		{B6663E98-34DE-4001-84E9-787D1CC26114}.Release|x86.ActiveCfg = Release|x86
		{B6663E98-34DE-4001-84E9-787D1CC26114}.Release|x86.Build.0 = Release|x86
		{C72C781B-AAC5-4CB1-B87D-02AD4785BF41}.Debug|Any CPU.ActiveCfg = Debug|Any CPU
		{C72C781B-AAC5-4CB1-B87D-02AD4785BF41}.Debug|Any CPU.Build.0 = Debug|Any CPU
		{C72C781B-AAC5-4CB1-B87D-02AD4785BF41}.Debug|ARM.ActiveCfg = Debug|ARM
		{C72C781B-AAC5-4CB1-B87D-02AD4785BF41}.Debug|ARM.Build.0 = Debug|ARM
		{C72C781B-AAC5-4CB1-B87D-02AD4785BF41}.Debug|x86.ActiveCfg = Debug|x86
		{C72C781B-AAC5-4CB1-B87D-02AD4785BF41}.Debug|x86.Build.0 = Debug|x86
		{C72C781B-AAC5-4CB1-B87D-02AD4785BF41}.Release|Any CPU.ActiveCfg = Release|Any CPU
		{C72C781B-AAC5-4CB1-B87D-02AD4785BF41}.Release|Any CPU.Build.0 = Release|Any CPU
		{C72C781B-AAC5-4CB1-B87D-02AD4785BF41}.Release|ARM.ActiveCfg = Release|ARM
		{C72C781B-AAC5-4CB1-B87D-02AD4785BF41}.Release|ARM.Build.0 = Release|ARM
		{C72C781B-AAC5-4CB1-B87D-02AD4785BF41}.Release|x86.ActiveCfg = Release|x86
		{C72C781B-AAC5-4CB1-B87D-02AD4785BF41}.Release|x86.Build.0 = Release|x86
		{67E51245-7010-48BB-8C52-B10936928650}.Debug|Any CPU.ActiveCfg = Debug|Any CPU
		{67E51245-7010-48BB-8C52-B10936928650}.Debug|Any CPU.Build.0 = Debug|Any CPU
		{67E51245-7010-48BB-8C52-B10936928650}.Debug|ARM.ActiveCfg = Debug|ARM
		{67E51245-7010-48BB-8C52-B10936928650}.Debug|ARM.Build.0 = Debug|ARM
		{67E51245-7010-48BB-8C52-B10936928650}.Debug|x86.ActiveCfg = Debug|x86
		{67E51245-7010-48BB-8C52-B10936928650}.Debug|x86.Build.0 = Debug|x86
		{67E51245-7010-48BB-8C52-B10936928650}.Release|Any CPU.ActiveCfg = Release|Any CPU
		{67E51245-7010-48BB-8C52-B10936928650}.Release|Any CPU.Build.0 = Release|Any CPU
		{67E51245-7010-48BB-8C52-B10936928650}.Release|ARM.ActiveCfg = Release|ARM
		{67E51245-7010-48BB-8C52-B10936928650}.Release|ARM.Build.0 = Release|ARM
		{67E51245-7010-48BB-8C52-B10936928650}.Release|x86.ActiveCfg = Release|x86
		{67E51245-7010-48BB-8C52-B10936928650}.Release|x86.Build.0 = Release|x86
		{69CF2924-0A87-42BF-9B3A-646B48A9A6AD}.Debug|Any CPU.ActiveCfg = Debug|Any CPU
		{69CF2924-0A87-42BF-9B3A-646B48A9A6AD}.Debug|Any CPU.Build.0 = Debug|Any CPU
		{69CF2924-0A87-42BF-9B3A-646B48A9A6AD}.Debug|ARM.ActiveCfg = Debug|ARM
		{69CF2924-0A87-42BF-9B3A-646B48A9A6AD}.Debug|ARM.Build.0 = Debug|ARM
		{69CF2924-0A87-42BF-9B3A-646B48A9A6AD}.Debug|x86.ActiveCfg = Debug|x86
		{69CF2924-0A87-42BF-9B3A-646B48A9A6AD}.Debug|x86.Build.0 = Debug|x86
		{69CF2924-0A87-42BF-9B3A-646B48A9A6AD}.Release|Any CPU.ActiveCfg = Release|Any CPU
		{69CF2924-0A87-42BF-9B3A-646B48A9A6AD}.Release|Any CPU.Build.0 = Release|Any CPU
		{69CF2924-0A87-42BF-9B3A-646B48A9A6AD}.Release|ARM.ActiveCfg = Release|ARM
		{69CF2924-0A87-42BF-9B3A-646B48A9A6AD}.Release|ARM.Build.0 = Release|ARM
		{69CF2924-0A87-42BF-9B3A-646B48A9A6AD}.Release|x86.ActiveCfg = Release|x86
		{69CF2924-0A87-42BF-9B3A-646B48A9A6AD}.Release|x86.Build.0 = Release|x86
		{03998BBB-2AEC-44BA-AF92-19F1AE66BEEA}.Debug|Any CPU.ActiveCfg = Debug|Any CPU
		{03998BBB-2AEC-44BA-AF92-19F1AE66BEEA}.Debug|Any CPU.Build.0 = Debug|Any CPU
		{03998BBB-2AEC-44BA-AF92-19F1AE66BEEA}.Debug|ARM.ActiveCfg = Debug|ARM
		{03998BBB-2AEC-44BA-AF92-19F1AE66BEEA}.Debug|ARM.Build.0 = Debug|ARM
		{03998BBB-2AEC-44BA-AF92-19F1AE66BEEA}.Debug|x86.ActiveCfg = Debug|x86
		{03998BBB-2AEC-44BA-AF92-19F1AE66BEEA}.Debug|x86.Build.0 = Debug|x86
		{03998BBB-2AEC-44BA-AF92-19F1AE66BEEA}.Release|Any CPU.ActiveCfg = Release|Any CPU
		{03998BBB-2AEC-44BA-AF92-19F1AE66BEEA}.Release|Any CPU.Build.0 = Release|Any CPU
		{03998BBB-2AEC-44BA-AF92-19F1AE66BEEA}.Release|ARM.ActiveCfg = Release|ARM
		{03998BBB-2AEC-44BA-AF92-19F1AE66BEEA}.Release|ARM.Build.0 = Release|ARM
		{03998BBB-2AEC-44BA-AF92-19F1AE66BEEA}.Release|x86.ActiveCfg = Release|x86
		{03998BBB-2AEC-44BA-AF92-19F1AE66BEEA}.Release|x86.Build.0 = Release|x86
		{12970BC0-3DE0-42AE-9852-5B696A0C28A2}.Debug|Any CPU.ActiveCfg = Debug|Any CPU
		{12970BC0-3DE0-42AE-9852-5B696A0C28A2}.Debug|Any CPU.Build.0 = Debug|Any CPU
		{12970BC0-3DE0-42AE-9852-5B696A0C28A2}.Debug|ARM.ActiveCfg = Debug|ARM
		{12970BC0-3DE0-42AE-9852-5B696A0C28A2}.Debug|ARM.Build.0 = Debug|ARM
		{12970BC0-3DE0-42AE-9852-5B696A0C28A2}.Debug|x86.ActiveCfg = Debug|x86
		{12970BC0-3DE0-42AE-9852-5B696A0C28A2}.Debug|x86.Build.0 = Debug|x86
		{12970BC0-3DE0-42AE-9852-5B696A0C28A2}.Release|Any CPU.ActiveCfg = Release|Any CPU
		{12970BC0-3DE0-42AE-9852-5B696A0C28A2}.Release|Any CPU.Build.0 = Release|Any CPU
		{12970BC0-3DE0-42AE-9852-5B696A0C28A2}.Release|ARM.ActiveCfg = Release|ARM
		{12970BC0-3DE0-42AE-9852-5B696A0C28A2}.Release|ARM.Build.0 = Release|ARM
		{12970BC0-3DE0-42AE-9852-5B696A0C28A2}.Release|x86.ActiveCfg = Release|x86
		{12970BC0-3DE0-42AE-9852-5B696A0C28A2}.Release|x86.Build.0 = Release|x86
		{25312A04-28B4-4B24-B475-3CADA57F9F2B}.Debug|Any CPU.ActiveCfg = Debug|Any CPU
		{25312A04-28B4-4B24-B475-3CADA57F9F2B}.Debug|Any CPU.Build.0 = Debug|Any CPU
		{25312A04-28B4-4B24-B475-3CADA57F9F2B}.Debug|ARM.ActiveCfg = Debug|ARM
		{25312A04-28B4-4B24-B475-3CADA57F9F2B}.Debug|ARM.Build.0 = Debug|ARM
		{25312A04-28B4-4B24-B475-3CADA57F9F2B}.Debug|x86.ActiveCfg = Debug|x86
		{25312A04-28B4-4B24-B475-3CADA57F9F2B}.Debug|x86.Build.0 = Debug|x86
		{25312A04-28B4-4B24-B475-3CADA57F9F2B}.Release|Any CPU.ActiveCfg = Release|Any CPU
		{25312A04-28B4-4B24-B475-3CADA57F9F2B}.Release|Any CPU.Build.0 = Release|Any CPU
		{25312A04-28B4-4B24-B475-3CADA57F9F2B}.Release|ARM.ActiveCfg = Release|ARM
		{25312A04-28B4-4B24-B475-3CADA57F9F2B}.Release|ARM.Build.0 = Release|ARM
		{25312A04-28B4-4B24-B475-3CADA57F9F2B}.Release|x86.ActiveCfg = Release|x86
		{25312A04-28B4-4B24-B475-3CADA57F9F2B}.Release|x86.Build.0 = Release|x86
		{B97AD65F-6590-4A1D-AA74-EA52F13F5F29}.Debug|Any CPU.ActiveCfg = Debug|Any CPU
		{B97AD65F-6590-4A1D-AA74-EA52F13F5F29}.Debug|Any CPU.Build.0 = Debug|Any CPU
		{B97AD65F-6590-4A1D-AA74-EA52F13F5F29}.Debug|ARM.ActiveCfg = Debug|ARM
		{B97AD65F-6590-4A1D-AA74-EA52F13F5F29}.Debug|ARM.Build.0 = Debug|ARM
		{B97AD65F-6590-4A1D-AA74-EA52F13F5F29}.Debug|x86.ActiveCfg = Debug|x86
		{B97AD65F-6590-4A1D-AA74-EA52F13F5F29}.Debug|x86.Build.0 = Debug|x86
		{B97AD65F-6590-4A1D-AA74-EA52F13F5F29}.Release|Any CPU.ActiveCfg = Release|Any CPU
		{B97AD65F-6590-4A1D-AA74-EA52F13F5F29}.Release|Any CPU.Build.0 = Release|Any CPU
		{B97AD65F-6590-4A1D-AA74-EA52F13F5F29}.Release|ARM.ActiveCfg = Release|ARM
		{B97AD65F-6590-4A1D-AA74-EA52F13F5F29}.Release|ARM.Build.0 = Release|ARM
		{B97AD65F-6590-4A1D-AA74-EA52F13F5F29}.Release|x86.ActiveCfg = Release|x86
		{B97AD65F-6590-4A1D-AA74-EA52F13F5F29}.Release|x86.Build.0 = Release|x86
		{3443447A-ECB5-4D09-BD72-F38D06320AE8}.Debug|Any CPU.ActiveCfg = Debug|Any CPU
		{3443447A-ECB5-4D09-BD72-F38D06320AE8}.Debug|Any CPU.Build.0 = Debug|Any CPU
		{3443447A-ECB5-4D09-BD72-F38D06320AE8}.Debug|ARM.ActiveCfg = Debug|ARM
		{3443447A-ECB5-4D09-BD72-F38D06320AE8}.Debug|ARM.Build.0 = Debug|ARM
		{3443447A-ECB5-4D09-BD72-F38D06320AE8}.Debug|x86.ActiveCfg = Debug|x86
		{3443447A-ECB5-4D09-BD72-F38D06320AE8}.Debug|x86.Build.0 = Debug|x86
		{3443447A-ECB5-4D09-BD72-F38D06320AE8}.Release|Any CPU.ActiveCfg = Release|Any CPU
		{3443447A-ECB5-4D09-BD72-F38D06320AE8}.Release|Any CPU.Build.0 = Release|Any CPU
		{3443447A-ECB5-4D09-BD72-F38D06320AE8}.Release|ARM.ActiveCfg = Release|ARM
		{3443447A-ECB5-4D09-BD72-F38D06320AE8}.Release|ARM.Build.0 = Release|ARM
		{3443447A-ECB5-4D09-BD72-F38D06320AE8}.Release|x86.ActiveCfg = Release|x86
		{3443447A-ECB5-4D09-BD72-F38D06320AE8}.Release|x86.Build.0 = Release|x86
		{7AFC86AD-4151-45E0-97BC-8A3370D4E1BB}.Debug|Any CPU.ActiveCfg = Debug|Any CPU
		{7AFC86AD-4151-45E0-97BC-8A3370D4E1BB}.Debug|Any CPU.Build.0 = Debug|Any CPU
		{7AFC86AD-4151-45E0-97BC-8A3370D4E1BB}.Debug|ARM.ActiveCfg = Debug|ARM
		{7AFC86AD-4151-45E0-97BC-8A3370D4E1BB}.Debug|ARM.Build.0 = Debug|ARM
		{7AFC86AD-4151-45E0-97BC-8A3370D4E1BB}.Debug|x86.ActiveCfg = Debug|x86
		{7AFC86AD-4151-45E0-97BC-8A3370D4E1BB}.Debug|x86.Build.0 = Debug|x86
		{7AFC86AD-4151-45E0-97BC-8A3370D4E1BB}.Release|Any CPU.ActiveCfg = Release|Any CPU
		{7AFC86AD-4151-45E0-97BC-8A3370D4E1BB}.Release|Any CPU.Build.0 = Release|Any CPU
		{7AFC86AD-4151-45E0-97BC-8A3370D4E1BB}.Release|ARM.ActiveCfg = Release|ARM
		{7AFC86AD-4151-45E0-97BC-8A3370D4E1BB}.Release|ARM.Build.0 = Release|ARM
		{7AFC86AD-4151-45E0-97BC-8A3370D4E1BB}.Release|x86.ActiveCfg = Release|x86
		{7AFC86AD-4151-45E0-97BC-8A3370D4E1BB}.Release|x86.Build.0 = Release|x86
		{1DC1D980-0079-4A1C-817B-77D9FD84ECA3}.Debug|Any CPU.ActiveCfg = Debug|Any CPU
		{1DC1D980-0079-4A1C-817B-77D9FD84ECA3}.Debug|Any CPU.Build.0 = Debug|Any CPU
		{1DC1D980-0079-4A1C-817B-77D9FD84ECA3}.Debug|ARM.ActiveCfg = Debug|Any CPU
		{1DC1D980-0079-4A1C-817B-77D9FD84ECA3}.Debug|x86.ActiveCfg = Debug|Any CPU
		{1DC1D980-0079-4A1C-817B-77D9FD84ECA3}.Release|Any CPU.ActiveCfg = Release|Any CPU
		{1DC1D980-0079-4A1C-817B-77D9FD84ECA3}.Release|Any CPU.Build.0 = Release|Any CPU
		{1DC1D980-0079-4A1C-817B-77D9FD84ECA3}.Release|ARM.ActiveCfg = Release|Any CPU
		{1DC1D980-0079-4A1C-817B-77D9FD84ECA3}.Release|x86.ActiveCfg = Release|Any CPU
	EndGlobalSection
	GlobalSection(SolutionProperties) = preSolution
		HideSolutionNode = FALSE
	EndGlobalSection
	GlobalSection(NestedProjects) = preSolution
		{1DC1D980-0079-4A1C-817B-77D9FD84ECA3} = {A4EADFD7-0B2F-40E7-BC28-D05404AC5FB9}
	EndGlobalSection
EndGlobal
